
Microsoft Visual Studio Solution File, Format Version 12.00
# Visual Studio Version 17
VisualStudioVersion = 17.9.34607.119
MinimumVisualStudioVersion = 10.0.40219.1
Project("{FAE04EC0-301F-11D3-BF4B-00C04F79EFBC}") = "ConsoleApp3", "ConsoleApp3\ConsoleApp3.csproj", "{1D6A5C2D-B63E-42BF-AD04-F86453BB76BF}"
EndProject
Global
	GlobalSection(SolutionConfigurationPlatforms) = preSolution
		Debug|Any CPU = Debug|Any CPU
		Release|Any CPU = Release|Any CPU
	EndGlobalSection
	GlobalSection(ProjectConfigurationPlatforms) = postSolution
		{1D6A5C2D-B63E-42BF-AD04-F86453BB76BF}.Debug|Any CPU.ActiveCfg = Debug|Any CPU
		{1D6A5C2D-B63E-42BF-AD04-F86453BB76BF}.Debug|Any CPU.Build.0 = Debug|Any CPU
		{1D6A5C2D-B63E-42BF-AD04-F86453BB76BF}.Release|Any CPU.ActiveCfg = Release|Any CPU
		{1D6A5C2D-B63E-42BF-AD04-F86453BB76BF}.Release|Any CPU.Build.0 = Release|Any CPU
	EndGlobalSection
	GlobalSection(SolutionProperties) = preSolution
		HideSolutionNode = FALSE
	EndGlobalSection
	GlobalSection(ExtensibilityGlobals) = postSolution
		SolutionGuid = {493F064E-3E4E-4E38-B9D3-E4330EF1BFAE}
	EndGlobalSection
EndGlobal
